// !$*UTF8*$!
{
	archiveVersion = 1;
	classes = {
	};
	objectVersion = 55;
	objects = {

/* Begin PBXBuildFile section */
		E470E4E829222A64008D484B /* AppDelegate.swift in Sources */ = {isa = PBXBuildFile; fileRef = E470E4E729222A64008D484B /* AppDelegate.swift */; };
		E470E4EA29222A64008D484B /* SceneDelegate.swift in Sources */ = {isa = PBXBuildFile; fileRef = E470E4E929222A64008D484B /* SceneDelegate.swift */; };
		E470E4EC29222A64008D484B /* ViewController.swift in Sources */ = {isa = PBXBuildFile; fileRef = E470E4EB29222A64008D484B /* ViewController.swift */; };
		E470E4EF29222A64008D484B /* Main.storyboard in Resources */ = {isa = PBXBuildFile; fileRef = E470E4ED29222A64008D484B /* Main.storyboard */; };
		E470E4F129222A66008D484B /* Assets.xcassets in Resources */ = {isa = PBXBuildFile; fileRef = E470E4F029222A66008D484B /* Assets.xcassets */; };
		E470E4F429222A66008D484B /* LaunchScreen.storyboard in Resources */ = {isa = PBXBuildFile; fileRef = E470E4F229222A66008D484B /* LaunchScreen.storyboard */; };
		E470E4FF29222A67008D484B /* Picker_ViewTests.swift in Sources */ = {isa = PBXBuildFile; fileRef = E470E4FE29222A67008D484B /* Picker_ViewTests.swift */; };
		E470E50929222A67008D484B /* Picker_ViewUITests.swift in Sources */ = {isa = PBXBuildFile; fileRef = E470E50829222A67008D484B /* Picker_ViewUITests.swift */; };
		E470E50B29222A67008D484B /* Picker_ViewUITestsLaunchTests.swift in Sources */ = {isa = PBXBuildFile; fileRef = E470E50A29222A67008D484B /* Picker_ViewUITestsLaunchTests.swift */; };
/* End PBXBuildFile section */

/* Begin PBXContainerItemProxy section */
		E470E4FB29222A67008D484B /* PBXContainerItemProxy */ = {
			isa = PBXContainerItemProxy;
			containerPortal = E470E4DC29222A63008D484B /* Project object */;
			proxyType = 1;
			remoteGlobalIDString = E470E4E329222A63008D484B;
			remoteInfo = "Picker View";
		};
		E470E50529222A67008D484B /* PBXContainerItemProxy */ = {
			isa = PBXContainerItemProxy;
			containerPortal = E470E4DC29222A63008D484B /* Project object */;
			proxyType = 1;
			remoteGlobalIDString = E470E4E329222A63008D484B;
			remoteInfo = "Picker View";
		};
/* End PBXContainerItemProxy section */

/* Begin PBXFileReference section */
		E470E4E429222A64008D484B /* Picker View.app */ = {isa = PBXFileReference; explicitFileType = wrapper.application; includeInIndex = 0; path = "Picker View.app"; sourceTree = BUILT_PRODUCTS_DIR; };
		E470E4E729222A64008D484B /* AppDelegate.swift */ = {isa = PBXFileReference; lastKnownFileType = sourcecode.swift; path = AppDelegate.swift; sourceTree = "<group>"; };
		E470E4E929222A64008D484B /* SceneDelegate.swift */ = {isa = PBXFileReference; lastKnownFileType = sourcecode.swift; path = SceneDelegate.swift; sourceTree = "<group>"; };
		E470E4EB29222A64008D484B /* ViewController.swift */ = {isa = PBXFileReference; lastKnownFileType = sourcecode.swift; path = ViewController.swift; sourceTree = "<group>"; };
		E470E4EE29222A64008D484B /* Base */ = {isa = PBXFileReference; lastKnownFileType = file.storyboard; name = Base; path = Base.lproj/Main.storyboard; sourceTree = "<group>"; };
		E470E4F029222A66008D484B /* Assets.xcassets */ = {isa = PBXFileReference; lastKnownFileType = folder.assetcatalog; path = Assets.xcassets; sourceTree = "<group>"; };
		E470E4F329222A66008D484B /* Base */ = {isa = PBXFileReference; lastKnownFileType = file.storyboard; name = Base; path = Base.lproj/LaunchScreen.storyboard; sourceTree = "<group>"; };
		E470E4F529222A66008D484B /* Info.plist */ = {isa = PBXFileReference; lastKnownFileType = text.plist.xml; path = Info.plist; sourceTree = "<group>"; };
		E470E4FA29222A67008D484B /* Picker ViewTests.xctest */ = {isa = PBXFileReference; explicitFileType = wrapper.cfbundle; includeInIndex = 0; path = "Picker ViewTests.xctest"; sourceTree = BUILT_PRODUCTS_DIR; };
		E470E4FE29222A67008D484B /* Picker_ViewTests.swift */ = {isa = PBXFileReference; lastKnownFileType = sourcecode.swift; path = Picker_ViewTests.swift; sourceTree = "<group>"; };
		E470E50429222A67008D484B /* Picker ViewUITests.xctest */ = {isa = PBXFileReference; explicitFileType = wrapper.cfbundle; includeInIndex = 0; path = "Picker ViewUITests.xctest"; sourceTree = BUILT_PRODUCTS_DIR; };
		E470E50829222A67008D484B /* Picker_ViewUITests.swift */ = {isa = PBXFileReference; lastKnownFileType = sourcecode.swift; path = Picker_ViewUITests.swift; sourceTree = "<group>"; };
		E470E50A29222A67008D484B /* Picker_ViewUITestsLaunchTests.swift */ = {isa = PBXFileReference; lastKnownFileType = sourcecode.swift; path = Picker_ViewUITestsLaunchTests.swift; sourceTree = "<group>"; };
/* End PBXFileReference section */

/* Begin PBXFrameworksBuildPhase section */
		E470E4E129222A63008D484B /* Frameworks */ = {
			isa = PBXFrameworksBuildPhase;
			buildActionMask = 2147483647;
			files = (
			);
			runOnlyForDeploymentPostprocessing = 0;
		};
		E470E4F729222A67008D484B /* Frameworks */ = {
			isa = PBXFrameworksBuildPhase;
			buildActionMask = 2147483647;
			files = (
			);
			runOnlyForDeploymentPostprocessing = 0;
		};
		E470E50129222A67008D484B /* Frameworks */ = {
			isa = PBXFrameworksBuildPhase;
			buildActionMask = 2147483647;
			files = (
			);
			runOnlyForDeploymentPostprocessing = 0;
		};
/* End PBXFrameworksBuildPhase section */

/* Begin PBXGroup section */
		E470E4DB29222A63008D484B = {
			isa = PBXGroup;
			children = (
				E470E4E629222A64008D484B /* Picker View */,
				E470E4FD29222A67008D484B /* Picker ViewTests */,
				E470E50729222A67008D484B /* Picker ViewUITests */,
				E470E4E529222A64008D484B /* Products */,
			);
			sourceTree = "<group>";
		};
		E470E4E529222A64008D484B /* Products */ = {
			isa = PBXGroup;
			children = (
				E470E4E429222A64008D484B /* Picker View.app */,
				E470E4FA29222A67008D484B /* Picker ViewTests.xctest */,
				E470E50429222A67008D484B /* Picker ViewUITests.xctest */,
			);
			name = Products;
			sourceTree = "<group>";
		};
		E470E4E629222A64008D484B /* Picker View */ = {
			isa = PBXGroup;
			children = (
				E470E4E729222A64008D484B /* AppDelegate.swift */,
				E470E4E929222A64008D484B /* SceneDelegate.swift */,
				E470E4EB29222A64008D484B /* ViewController.swift */,
				E470E4ED29222A64008D484B /* Main.storyboard */,
				E470E4F029222A66008D484B /* Assets.xcassets */,
				E470E4F229222A66008D484B /* LaunchScreen.storyboard */,
				E470E4F529222A66008D484B /* Info.plist */,
			);
			path = "Picker View";
			sourceTree = "<group>";
		};
		E470E4FD29222A67008D484B /* Picker ViewTests */ = {
			isa = PBXGroup;
			children = (
				E470E4FE29222A67008D484B /* Picker_ViewTests.swift */,
			);
			path = "Picker ViewTests";
			sourceTree = "<group>";
		};
		E470E50729222A67008D484B /* Picker ViewUITests */ = {
			isa = PBXGroup;
			children = (
				E470E50829222A67008D484B /* Picker_ViewUITests.swift */,
				E470E50A29222A67008D484B /* Picker_ViewUITestsLaunchTests.swift */,
			);
			path = "Picker ViewUITests";
			sourceTree = "<group>";
		};
/* End PBXGroup section */

/* Begin PBXNativeTarget section */
		E470E4E329222A63008D484B /* Picker View */ = {
			isa = PBXNativeTarget;
			buildConfigurationList = E470E50E29222A67008D484B /* Build configuration list for PBXNativeTarget "Picker View" */;
			buildPhases = (
				E470E4E029222A63008D484B /* Sources */,
				E470E4E129222A63008D484B /* Frameworks */,
				E470E4E229222A63008D484B /* Resources */,
			);
			buildRules = (
			);
			dependencies = (
			);
			name = "Picker View";
			productName = "Picker View";
			productReference = E470E4E429222A64008D484B /* Picker View.app */;
			productType = "com.apple.product-type.application";
		};
		E470E4F929222A67008D484B /* Picker ViewTests */ = {
			isa = PBXNativeTarget;
			buildConfigurationList = E470E51129222A67008D484B /* Build configuration list for PBXNativeTarget "Picker ViewTests" */;
			buildPhases = (
				E470E4F629222A67008D484B /* Sources */,
				E470E4F729222A67008D484B /* Frameworks */,
				E470E4F829222A67008D484B /* Resources */,
			);
			buildRules = (
			);
			dependencies = (
				E470E4FC29222A67008D484B /* PBXTargetDependency */,
			);
			name = "Picker ViewTests";
			productName = "Picker ViewTests";
			productReference = E470E4FA29222A67008D484B /* Picker ViewTests.xctest */;
			productType = "com.apple.product-type.bundle.unit-test";
		};
		E470E50329222A67008D484B /* Picker ViewUITests */ = {
			isa = PBXNativeTarget;
			buildConfigurationList = E470E51429222A67008D484B /* Build configuration list for PBXNativeTarget "Picker ViewUITests" */;
			buildPhases = (
				E470E50029222A67008D484B /* Sources */,
				E470E50129222A67008D484B /* Frameworks */,
				E470E50229222A67008D484B /* Resources */,
			);
			buildRules = (
			);
			dependencies = (
				E470E50629222A67008D484B /* PBXTargetDependency */,
			);
			name = "Picker ViewUITests";
			productName = "Picker ViewUITests";
			productReference = E470E50429222A67008D484B /* Picker ViewUITests.xctest */;
			productType = "com.apple.product-type.bundle.ui-testing";
		};
/* End PBXNativeTarget section */

/* Begin PBXProject section */
		E470E4DC29222A63008D484B /* Project object */ = {
			isa = PBXProject;
			attributes = {
				BuildIndependentTargetsInParallel = 1;
				LastSwiftUpdateCheck = 1340;
				LastUpgradeCheck = 1340;
				TargetAttributes = {
					E470E4E329222A63008D484B = {
						CreatedOnToolsVersion = 13.4.1;
					};
					E470E4F929222A67008D484B = {
						CreatedOnToolsVersion = 13.4.1;
						TestTargetID = E470E4E329222A63008D484B;
					};
					E470E50329222A67008D484B = {
						CreatedOnToolsVersion = 13.4.1;
						TestTargetID = E470E4E329222A63008D484B;
					};
				};
			};
			buildConfigurationList = E470E4DF29222A63008D484B /* Build configuration list for PBXProject "Picker View" */;
			compatibilityVersion = "Xcode 13.0";
			developmentRegion = en;
			hasScannedForEncodings = 0;
			knownRegions = (
				en,
				Base,
			);
			mainGroup = E470E4DB29222A63008D484B;
			productRefGroup = E470E4E529222A64008D484B /* Products */;
			projectDirPath = "";
			projectRoot = "";
			targets = (
				E470E4E329222A63008D484B /* Picker View */,
				E470E4F929222A67008D484B /* Picker ViewTests */,
				E470E50329222A67008D484B /* Picker ViewUITests */,
			);
		};
/* End PBXProject section */

/* Begin PBXResourcesBuildPhase section */
		E470E4E229222A63008D484B /* Resources */ = {
			isa = PBXResourcesBuildPhase;
			buildActionMask = 2147483647;
			files = (
				E470E4F429222A66008D484B /* LaunchScreen.storyboard in Resources */,
				E470E4F129222A66008D484B /* Assets.xcassets in Resources */,
				E470E4EF29222A64008D484B /* Main.storyboard in Resources */,
			);
			runOnlyForDeploymentPostprocessing = 0;
		};
		E470E4F829222A67008D484B /* Resources */ = {
			isa = PBXResourcesBuildPhase;
			buildActionMask = 2147483647;
			files = (
			);
			runOnlyForDeploymentPostprocessing = 0;
		};
		E470E50229222A67008D484B /* Resources */ = {
			isa = PBXResourcesBuildPhase;
			buildActionMask = 2147483647;
			files = (
			);
			runOnlyForDeploymentPostprocessing = 0;
		};
/* End PBXResourcesBuildPhase section */

/* Begin PBXSourcesBuildPhase section */
		E470E4E029222A63008D484B /* Sources */ = {
			isa = PBXSourcesBuildPhase;
			buildActionMask = 2147483647;
			files = (
				E470E4EC29222A64008D484B /* ViewController.swift in Sources */,
				E470E4E829222A64008D484B /* AppDelegate.swift in Sources */,
				E470E4EA29222A64008D484B /* SceneDelegate.swift in Sources */,
			);
			runOnlyForDeploymentPostprocessing = 0;
		};
		E470E4F629222A67008D484B /* Sources */ = {
			isa = PBXSourcesBuildPhase;
			buildActionMask = 2147483647;
			files = (
				E470E4FF29222A67008D484B /* Picker_ViewTests.swift in Sources */,
			);
			runOnlyForDeploymentPostprocessing = 0;
		};
		E470E50029222A67008D484B /* Sources */ = {
			isa = PBXSourcesBuildPhase;
			buildActionMask = 2147483647;
			files = (
				E470E50929222A67008D484B /* Picker_ViewUITests.swift in Sources */,
				E470E50B29222A67008D484B /* Picker_ViewUITestsLaunchTests.swift in Sources */,
			);
			runOnlyForDeploymentPostprocessing = 0;
		};
/* End PBXSourcesBuildPhase section */

/* Begin PBXTargetDependency section */
		E470E4FC29222A67008D484B /* PBXTargetDependency */ = {
			isa = PBXTargetDependency;
			target = E470E4E329222A63008D484B /* Picker View */;
			targetProxy = E470E4FB29222A67008D484B /* PBXContainerItemProxy */;
		};
		E470E50629222A67008D484B /* PBXTargetDependency */ = {
			isa = PBXTargetDependency;
			target = E470E4E329222A63008D484B /* Picker View */;
			targetProxy = E470E50529222A67008D484B /* PBXContainerItemProxy */;
		};
/* End PBXTargetDependency section */

/* Begin PBXVariantGroup section */
		E470E4ED29222A64008D484B /* Main.storyboard */ = {
			isa = PBXVariantGroup;
			children = (
				E470E4EE29222A64008D484B /* Base */,
			);
			name = Main.storyboard;
			sourceTree = "<group>";
		};
		E470E4F229222A66008D484B /* LaunchScreen.storyboard */ = {
			isa = PBXVariantGroup;
			children = (
				E470E4F329222A66008D484B /* Base */,
			);
			name = LaunchScreen.storyboard;
			sourceTree = "<group>";
		};
/* End PBXVariantGroup section */

/* Begin XCBuildConfiguration section */
		E470E50C29222A67008D484B /* Debug */ = {
			isa = XCBuildConfiguration;
			buildSettings = {
				ALWAYS_SEARCH_USER_PATHS = NO;
				CLANG_ANALYZER_NONNULL = YES;
				CLANG_ANALYZER_NUMBER_OBJECT_CONVERSION = YES_AGGRESSIVE;
				CLANG_CXX_LANGUAGE_STANDARD = "gnu++17";
				CLANG_ENABLE_MODULES = YES;
				CLANG_ENABLE_OBJC_ARC = YES;
				CLANG_ENABLE_OBJC_WEAK = YES;
				CLANG_WARN_BLOCK_CAPTURE_AUTORELEASING = YES;
				CLANG_WARN_BOOL_CONVERSION = YES;
				CLANG_WARN_COMMA = YES;
				CLANG_WARN_CONSTANT_CONVERSION = YES;
				CLANG_WARN_DEPRECATED_OBJC_IMPLEMENTATIONS = YES;
				CLANG_WARN_DIRECT_OBJC_ISA_USAGE = YES_ERROR;
				CLANG_WARN_DOCUMENTATION_COMMENTS = YES;
				CLANG_WARN_EMPTY_BODY = YES;
				CLANG_WARN_ENUM_CONVERSION = YES;
				CLANG_WARN_INFINITE_RECURSION = YES;
				CLANG_WARN_INT_CONVERSION = YES;
				CLANG_WARN_NON_LITERAL_NULL_CONVERSION = YES;
				CLANG_WARN_OBJC_IMPLICIT_RETAIN_SELF = YES;
				CLANG_WARN_OBJC_LITERAL_CONVERSION = YES;
				CLANG_WARN_OBJC_ROOT_CLASS = YES_ERROR;
				CLANG_WARN_QUOTED_INCLUDE_IN_FRAMEWORK_HEADER = YES;
				CLANG_WARN_RANGE_LOOP_ANALYSIS = YES;
				CLANG_WARN_STRICT_PROTOTYPES = YES;
				CLANG_WARN_SUSPICIOUS_MOVE = YES;
				CLANG_WARN_UNGUARDED_AVAILABILITY = YES_AGGRESSIVE;
				CLANG_WARN_UNREACHABLE_CODE = YES;
				CLANG_WARN__DUPLICATE_METHOD_MATCH = YES;
				COPY_PHASE_STRIP = NO;
				DEBUG_INFORMATION_FORMAT = dwarf;
				ENABLE_STRICT_OBJC_MSGSEND = YES;
				ENABLE_TESTABILITY = YES;
				GCC_C_LANGUAGE_STANDARD = gnu11;
				GCC_DYNAMIC_NO_PIC = NO;
				GCC_NO_COMMON_BLOCKS = YES;
				GCC_OPTIMIZATION_LEVEL = 0;
				GCC_PREPROCESSOR_DEFINITIONS = (
					"DEBUG=1",
					"$(inherited)",
				);
				GCC_WARN_64_TO_32_BIT_CONVERSION = YES;
				GCC_WARN_ABOUT_RETURN_TYPE = YES_ERROR;
				GCC_WARN_UNDECLARED_SELECTOR = YES;
				GCC_WARN_UNINITIALIZED_AUTOS = YES_AGGRESSIVE;
				GCC_WARN_UNUSED_FUNCTION = YES;
				GCC_WARN_UNUSED_VARIABLE = YES;
				IPHONEOS_DEPLOYMENT_TARGET = 15.5;
				MTL_ENABLE_DEBUG_INFO = INCLUDE_SOURCE;
				MTL_FAST_MATH = YES;
				ONLY_ACTIVE_ARCH = YES;
				SDKROOT = iphoneos;
				SWIFT_ACTIVE_COMPILATION_CONDITIONS = DEBUG;
				SWIFT_OPTIMIZATION_LEVEL = "-Onone";
			};
			name = Debug;
		};
		E470E50D29222A67008D484B /* Release */ = {
			isa = XCBuildConfiguration;
			buildSettings = {
				ALWAYS_SEARCH_USER_PATHS = NO;
				CLANG_ANALYZER_NONNULL = YES;
				CLANG_ANALYZER_NUMBER_OBJECT_CONVERSION = YES_AGGRESSIVE;
				CLANG_CXX_LANGUAGE_STANDARD = "gnu++17";
				CLANG_ENABLE_MODULES = YES;
				CLANG_ENABLE_OBJC_ARC = YES;
				CLANG_ENABLE_OBJC_WEAK = YES;
				CLANG_WARN_BLOCK_CAPTURE_AUTORELEASING = YES;
				CLANG_WARN_BOOL_CONVERSION = YES;
				CLANG_WARN_COMMA = YES;
				CLANG_WARN_CONSTANT_CONVERSION = YES;
				CLANG_WARN_DEPRECATED_OBJC_IMPLEMENTATIONS = YES;
				CLANG_WARN_DIRECT_OBJC_ISA_USAGE = YES_ERROR;
				CLANG_WARN_DOCUMENTATION_COMMENTS = YES;
				CLANG_WARN_EMPTY_BODY = YES;
				CLANG_WARN_ENUM_CONVERSION = YES;
				CLANG_WARN_INFINITE_RECURSION = YES;
				CLANG_WARN_INT_CONVERSION = YES;
				CLANG_WARN_NON_LITERAL_NULL_CONVERSION = YES;
				CLANG_WARN_OBJC_IMPLICIT_RETAIN_SELF = YES;
				CLANG_WARN_OBJC_LITERAL_CONVERSION = YES;
				CLANG_WARN_OBJC_ROOT_CLASS = YES_ERROR;
				CLANG_WARN_QUOTED_INCLUDE_IN_FRAMEWORK_HEADER = YES;
				CLANG_WARN_RANGE_LOOP_ANALYSIS = YES;
				CLANG_WARN_STRICT_PROTOTYPES = YES;
				CLANG_WARN_SUSPICIOUS_MOVE = YES;
				CLANG_WARN_UNGUARDED_AVAILABILITY = YES_AGGRESSIVE;
				CLANG_WARN_UNREACHABLE_CODE = YES;
				CLANG_WARN__DUPLICATE_METHOD_MATCH = YES;
				COPY_PHASE_STRIP = NO;
				DEBUG_INFORMATION_FORMAT = "dwarf-with-dsym";
				ENABLE_NS_ASSERTIONS = NO;
				ENABLE_STRICT_OBJC_MSGSEND = YES;
				GCC_C_LANGUAGE_STANDARD = gnu11;
				GCC_NO_COMMON_BLOCKS = YES;
				GCC_WARN_64_TO_32_BIT_CONVERSION = YES;
				GCC_WARN_ABOUT_RETURN_TYPE = YES_ERROR;
				GCC_WARN_UNDECLARED_SELECTOR = YES;
				GCC_WARN_UNINITIALIZED_AUTOS = YES_AGGRESSIVE;
				GCC_WARN_UNUSED_FUNCTION = YES;
				GCC_WARN_UNUSED_VARIABLE = YES;
				IPHONEOS_DEPLOYMENT_TARGET = 15.5;
				MTL_ENABLE_DEBUG_INFO = NO;
				MTL_FAST_MATH = YES;
				SDKROOT = iphoneos;
				SWIFT_COMPILATION_MODE = wholemodule;
				SWIFT_OPTIMIZATION_LEVEL = "-O";
				VALIDATE_PRODUCT = YES;
			};
			name = Release;
		};
		E470E50F29222A67008D484B /* Debug */ = {
			isa = XCBuildConfiguration;
			buildSettings = {
				ASSETCATALOG_COMPILER_APPICON_NAME = AppIcon;
				ASSETCATALOG_COMPILER_GLOBAL_ACCENT_COLOR_NAME = AccentColor;
				CODE_SIGN_STYLE = Automatic;
				CURRENT_PROJECT_VERSION = 1;
				GENERATE_INFOPLIST_FILE = YES;
				INFOPLIST_FILE = "Picker View/Info.plist";
				INFOPLIST_KEY_UIApplicationSupportsIndirectInputEvents = YES;
				INFOPLIST_KEY_UILaunchStoryboardName = LaunchScreen;
				INFOPLIST_KEY_UIMainStoryboardFile = Main;
				INFOPLIST_KEY_UISupportedInterfaceOrientations_iPad = "UIInterfaceOrientationPortrait UIInterfaceOrientationPortraitUpsideDown UIInterfaceOrientationLandscapeLeft UIInterfaceOrientationLandscapeRight";
				INFOPLIST_KEY_UISupportedInterfaceOrientations_iPhone = "UIInterfaceOrientationPortrait UIInterfaceOrientationLandscapeLeft UIInterfaceOrientationLandscapeRight";
				LD_RUNPATH_SEARCH_PATHS = (
					"$(inherited)",
					"@executable_path/Frameworks",
				);
				MARKETING_VERSION = 1.0;
				PRODUCT_BUNDLE_IDENTIFIER = "com.hasna.Picker-View";
				PRODUCT_NAME = "$(TARGET_NAME)";
				SWIFT_EMIT_LOC_STRINGS = YES;
				SWIFT_VERSION = 5.0;
				TARGETED_DEVICE_FAMILY = "1,2";
			};
			name = Debug;
		};
		E470E51029222A67008D484B /* Release */ = {
			isa = XCBuildConfiguration;
			buildSettings = {
				ASSETCATALOG_COMPILER_APPICON_NAME = AppIcon;
				ASSETCATALOG_COMPILER_GLOBAL_ACCENT_COLOR_NAME = AccentColor;
				CODE_SIGN_STYLE = Automatic;
				CURRENT_PROJECT_VERSION = 1;
				GENERATE_INFOPLIST_FILE = YES;
				INFOPLIST_FILE = "Picker View/Info.plist";
				INFOPLIST_KEY_UIApplicationSupportsIndirectInputEvents = YES;
				INFOPLIST_KEY_UILaunchStoryboardName = LaunchScreen;
				INFOPLIST_KEY_UIMainStoryboardFile = Main;
				INFOPLIST_KEY_UISupportedInterfaceOrientations_iPad = "UIInterfaceOrientationPortrait UIInterfaceOrientationPortraitUpsideDown UIInterfaceOrientationLandscapeLeft UIInterfaceOrientationLandscapeRight";
				INFOPLIST_KEY_UISupportedInterfaceOrientations_iPhone = "UIInterfaceOrientationPortrait UIInterfaceOrientationLandscapeLeft UIInterfaceOrientationLandscapeRight";
				LD_RUNPATH_SEARCH_PATHS = (
					"$(inherited)",
					"@executable_path/Frameworks",
				);
				MARKETING_VERSION = 1.0;
				PRODUCT_BUNDLE_IDENTIFIER = "com.hasna.Picker-View";
				PRODUCT_NAME = "$(TARGET_NAME)";
				SWIFT_EMIT_LOC_STRINGS = YES;
				SWIFT_VERSION = 5.0;
				TARGETED_DEVICE_FAMILY = "1,2";
			};
			name = Release;
		};
		E470E51229222A67008D484B /* Debug */ = {
			isa = XCBuildConfiguration;
			buildSettings = {
				ALWAYS_EMBED_SWIFT_STANDARD_LIBRARIES = YES;
				BUNDLE_LOADER = "$(TEST_HOST)";
				CODE_SIGN_STYLE = Automatic;
				CURRENT_PROJECT_VERSION = 1;
				GENERATE_INFOPLIST_FILE = YES;
				IPHONEOS_DEPLOYMENT_TARGET = 15.5;
				MARKETING_VERSION = 1.0;
				PRODUCT_BUNDLE_IDENTIFIER = "com.hasna.Picker-ViewTests";
				PRODUCT_NAME = "$(TARGET_NAME)";
				SWIFT_EMIT_LOC_STRINGS = NO;
				SWIFT_VERSION = 5.0;
				TARGETED_DEVICE_FAMILY = "1,2";
				TEST_HOST = "$(BUILT_PRODUCTS_DIR)/Picker View.app/Picker View";
			};
			name = Debug;
		};
		E470E51329222A67008D484B /* Release */ = {
			isa = XCBuildConfiguration;
			buildSettings = {
				ALWAYS_EMBED_SWIFT_STANDARD_LIBRARIES = YES;
				BUNDLE_LOADER = "$(TEST_HOST)";
				CODE_SIGN_STYLE = Automatic;
				CURRENT_PROJECT_VERSION = 1;
				GENERATE_INFOPLIST_FILE = YES;
				IPHONEOS_DEPLOYMENT_TARGET = 15.5;
				MARKETING_VERSION = 1.0;
				PRODUCT_BUNDLE_IDENTIFIER = "com.hasna.Picker-ViewTests";
				PRODUCT_NAME = "$(TARGET_NAME)";
				SWIFT_EMIT_LOC_STRINGS = NO;
				SWIFT_VERSION = 5.0;
				TARGETED_DEVICE_FAMILY = "1,2";
				TEST_HOST = "$(BUILT_PRODUCTS_DIR)/Picker View.app/Picker View";
			};
			name = Release;
		};
		E470E51529222A67008D484B /* Debug */ = {
			isa = XCBuildConfiguration;
			buildSettings = {
				ALWAYS_EMBED_SWIFT_STANDARD_LIBRARIES = YES;
				CODE_SIGN_STYLE = Automatic;
				CURRENT_PROJECT_VERSION = 1;
				GENERATE_INFOPLIST_FILE = YES;
				MARKETING_VERSION = 1.0;
				PRODUCT_BUNDLE_IDENTIFIER = "com.hasna.Picker-ViewUITests";
				PRODUCT_NAME = "$(TARGET_NAME)";
				SWIFT_EMIT_LOC_STRINGS = NO;
				SWIFT_VERSION = 5.0;
				TARGETED_DEVICE_FAMILY = "1,2";
				TEST_TARGET_NAME = "Picker View";
			};
			name = Debug;
		};
		E470E51629222A67008D484B /* Release */ = {
			isa = XCBuildConfiguration;
			buildSettings = {
				ALWAYS_EMBED_SWIFT_STANDARD_LIBRARIES = YES;
				CODE_SIGN_STYLE = Automatic;
				CURRENT_PROJECT_VERSION = 1;
				GENERATE_INFOPLIST_FILE = YES;
				MARKETING_VERSION = 1.0;
				PRODUCT_BUNDLE_IDENTIFIER = "com.hasna.Picker-ViewUITests";
				PRODUCT_NAME = "$(TARGET_NAME)";
				SWIFT_EMIT_LOC_STRINGS = NO;
				SWIFT_VERSION = 5.0;
				TARGETED_DEVICE_FAMILY = "1,2";
				TEST_TARGET_NAME = "Picker View";
			};
			name = Release;
		};
/* End XCBuildConfiguration section */

/* Begin XCConfigurationList section */
		E470E4DF29222A63008D484B /* Build configuration list for PBXProject "Picker View" */ = {
			isa = XCConfigurationList;
			buildConfigurations = (
				E470E50C29222A67008D484B /* Debug */,
				E470E50D29222A67008D484B /* Release */,
			);
			defaultConfigurationIsVisible = 0;
			defaultConfigurationName = Release;
		};
		E470E50E29222A67008D484B /* Build configuration list for PBXNativeTarget "Picker View" */ = {
			isa = XCConfigurationList;
			buildConfigurations = (
				E470E50F29222A67008D484B /* Debug */,
				E470E51029222A67008D484B /* Release */,
			);
			defaultConfigurationIsVisible = 0;
			defaultConfigurationName = Release;
		};
		E470E51129222A67008D484B /* Build configuration list for PBXNativeTarget "Picker ViewTests" */ = {
			isa = XCConfigurationList;
			buildConfigurations = (
				E470E51229222A67008D484B /* Debug */,
				E470E51329222A67008D484B /* Release */,
			);
			defaultConfigurationIsVisible = 0;
			defaultConfigurationName = Release;
		};
		E470E51429222A67008D484B /* Build configuration list for PBXNativeTarget "Picker ViewUITests" */ = {
			isa = XCConfigurationList;
			buildConfigurations = (
				E470E51529222A67008D484B /* Debug */,
				E470E51629222A67008D484B /* Release */,
			);
			defaultConfigurationIsVisible = 0;
			defaultConfigurationName = Release;
		};
/* End XCConfigurationList section */
	};
	rootObject = E470E4DC29222A63008D484B /* Project object */;
}
